
Microsoft Visual Studio Solution File, Format Version 12.00
# Visual Studio 2012
Project("{FAE04EC0-301F-11D3-BF4B-00C04F79EFBC}") = "FirstProject", "FirstProject\FirstProject.csproj", "{B1DFB74D-4A79-44CF-9215-402AB270E08B}"
EndProject
Global
	GlobalSection(SolutionConfigurationPlatforms) = preSolution
		Debug|Any CPU = Debug|Any CPU
		Release|Any CPU = Release|Any CPU
	EndGlobalSection
	GlobalSection(ProjectConfigurationPlatforms) = postSolution
		{B1DFB74D-4A79-44CF-9215-402AB270E08B}.Debug|Any CPU.ActiveCfg = Debug|Any CPU
		{B1DFB74D-4A79-44CF-9215-402AB270E08B}.Debug|Any CPU.Build.0 = Debug|Any CPU
		{B1DFB74D-4A79-44CF-9215-402AB270E08B}.Release|Any CPU.ActiveCfg = Release|Any CPU
		{B1DFB74D-4A79-44CF-9215-402AB270E08B}.Release|Any CPU.Build.0 = Release|Any CPU
	EndGlobalSection
	GlobalSection(SolutionProperties) = preSolution
		HideSolutionNode = FALSE
	EndGlobalSection
EndGlobal
